// !$*UTF8*$!
{
	archiveVersion = 1;
	classes = {
	};
	objectVersion = 55;
	objects = {

/* Begin PBXBuildFile section */
		20B4373527A82A2100F3A3B6 /* AppDelegate.swift in Sources */ = {isa = PBXBuildFile; fileRef = 20B4373427A82A2100F3A3B6 /* AppDelegate.swift */; };
		20B4373727A82A2100F3A3B6 /* SceneDelegate.swift in Sources */ = {isa = PBXBuildFile; fileRef = 20B4373627A82A2100F3A3B6 /* SceneDelegate.swift */; };
		20B4373927A82A2100F3A3B6 /* LoginVC.swift in Sources */ = {isa = PBXBuildFile; fileRef = 20B4373827A82A2100F3A3B6 /* LoginVC.swift */; };
		20B4373C27A82A2100F3A3B6 /* Main.storyboard in Resources */ = {isa = PBXBuildFile; fileRef = 20B4373A27A82A2100F3A3B6 /* Main.storyboard */; };
		20B4373E27A82A2200F3A3B6 /* Assets.xcassets in Resources */ = {isa = PBXBuildFile; fileRef = 20B4373D27A82A2200F3A3B6 /* Assets.xcassets */; };
		20B4374127A82A2200F3A3B6 /* LaunchScreen.storyboard in Resources */ = {isa = PBXBuildFile; fileRef = 20B4373F27A82A2200F3A3B6 /* LaunchScreen.storyboard */; };
		20B4374C27A82A2200F3A3B6 /* Theta_TestTests.swift in Sources */ = {isa = PBXBuildFile; fileRef = 20B4374B27A82A2200F3A3B6 /* Theta_TestTests.swift */; };
		20B4375627A82A2200F3A3B6 /* Theta_TestUITests.swift in Sources */ = {isa = PBXBuildFile; fileRef = 20B4375527A82A2200F3A3B6 /* Theta_TestUITests.swift */; };
		20B4375827A82A2200F3A3B6 /* Theta_TestUITestsLaunchTests.swift in Sources */ = {isa = PBXBuildFile; fileRef = 20B4375727A82A2200F3A3B6 /* Theta_TestUITestsLaunchTests.swift */; };
		20B4376527A8364E00F3A3B6 /* SharedClass.swift in Sources */ = {isa = PBXBuildFile; fileRef = 20B4376427A8364E00F3A3B6 /* SharedClass.swift */; };
		20B4376727A83B5B00F3A3B6 /* TabbarVC.swift in Sources */ = {isa = PBXBuildFile; fileRef = 20B4376627A83B5B00F3A3B6 /* TabbarVC.swift */; };
		20B4376927A83B9400F3A3B6 /* HomeVC.swift in Sources */ = {isa = PBXBuildFile; fileRef = 20B4376827A83B9400F3A3B6 /* HomeVC.swift */; };
		20B4376B27A83BA500F3A3B6 /* ProfileVC.swift in Sources */ = {isa = PBXBuildFile; fileRef = 20B4376A27A83BA500F3A3B6 /* ProfileVC.swift */; };
/* End PBXBuildFile section */

/* Begin PBXContainerItemProxy section */
		20B4374827A82A2200F3A3B6 /* PBXContainerItemProxy */ = {
			isa = PBXContainerItemProxy;
			containerPortal = 20B4372927A82A2100F3A3B6 /* Project object */;
			proxyType = 1;
			remoteGlobalIDString = 20B4373027A82A2100F3A3B6;
			remoteInfo = "Theta Test";
		};
		20B4375227A82A2200F3A3B6 /* PBXContainerItemProxy */ = {
			isa = PBXContainerItemProxy;
			containerPortal = 20B4372927A82A2100F3A3B6 /* Project object */;
			proxyType = 1;
			remoteGlobalIDString = 20B4373027A82A2100F3A3B6;
			remoteInfo = "Theta Test";
		};
/* End PBXContainerItemProxy section */

/* Begin PBXFileReference section */
		20B4373127A82A2100F3A3B6 /* Theta Test.app */ = {isa = PBXFileReference; explicitFileType = wrapper.application; includeInIndex = 0; path = "Theta Test.app"; sourceTree = BUILT_PRODUCTS_DIR; };
		20B4373427A82A2100F3A3B6 /* AppDelegate.swift */ = {isa = PBXFileReference; lastKnownFileType = sourcecode.swift; path = AppDelegate.swift; sourceTree = "<group>"; };
		20B4373627A82A2100F3A3B6 /* SceneDelegate.swift */ = {isa = PBXFileReference; lastKnownFileType = sourcecode.swift; path = SceneDelegate.swift; sourceTree = "<group>"; };
		20B4373827A82A2100F3A3B6 /* LoginVC.swift */ = {isa = PBXFileReference; lastKnownFileType = sourcecode.swift; path = LoginVC.swift; sourceTree = "<group>"; };
		20B4373B27A82A2100F3A3B6 /* Base */ = {isa = PBXFileReference; lastKnownFileType = file.storyboard; name = Base; path = Base.lproj/Main.storyboard; sourceTree = "<group>"; };
		20B4373D27A82A2200F3A3B6 /* Assets.xcassets */ = {isa = PBXFileReference; lastKnownFileType = folder.assetcatalog; path = Assets.xcassets; sourceTree = "<group>"; };
		20B4374027A82A2200F3A3B6 /* Base */ = {isa = PBXFileReference; lastKnownFileType = file.storyboard; name = Base; path = Base.lproj/LaunchScreen.storyboard; sourceTree = "<group>"; };
		20B4374227A82A2200F3A3B6 /* Info.plist */ = {isa = PBXFileReference; lastKnownFileType = text.plist.xml; path = Info.plist; sourceTree = "<group>"; };
		20B4374727A82A2200F3A3B6 /* Theta TestTests.xctest */ = {isa = PBXFileReference; explicitFileType = wrapper.cfbundle; includeInIndex = 0; path = "Theta TestTests.xctest"; sourceTree = BUILT_PRODUCTS_DIR; };
		20B4374B27A82A2200F3A3B6 /* Theta_TestTests.swift */ = {isa = PBXFileReference; lastKnownFileType = sourcecode.swift; path = Theta_TestTests.swift; sourceTree = "<group>"; };
		20B4375127A82A2200F3A3B6 /* Theta TestUITests.xctest */ = {isa = PBXFileReference; explicitFileType = wrapper.cfbundle; includeInIndex = 0; path = "Theta TestUITests.xctest"; sourceTree = BUILT_PRODUCTS_DIR; };
		20B4375527A82A2200F3A3B6 /* Theta_TestUITests.swift */ = {isa = PBXFileReference; lastKnownFileType = sourcecode.swift; path = Theta_TestUITests.swift; sourceTree = "<group>"; };
		20B4375727A82A2200F3A3B6 /* Theta_TestUITestsLaunchTests.swift */ = {isa = PBXFileReference; lastKnownFileType = sourcecode.swift; path = Theta_TestUITestsLaunchTests.swift; sourceTree = "<group>"; };
		20B4376427A8364E00F3A3B6 /* SharedClass.swift */ = {isa = PBXFileReference; lastKnownFileType = sourcecode.swift; path = SharedClass.swift; sourceTree = "<group>"; };
		20B4376627A83B5B00F3A3B6 /* TabbarVC.swift */ = {isa = PBXFileReference; lastKnownFileType = sourcecode.swift; path = TabbarVC.swift; sourceTree = "<group>"; };
		20B4376827A83B9400F3A3B6 /* HomeVC.swift */ = {isa = PBXFileReference; lastKnownFileType = sourcecode.swift; path = HomeVC.swift; sourceTree = "<group>"; };
		20B4376A27A83BA500F3A3B6 /* ProfileVC.swift */ = {isa = PBXFileReference; lastKnownFileType = sourcecode.swift; path = ProfileVC.swift; sourceTree = "<group>"; };
/* End PBXFileReference section */

/* Begin PBXFrameworksBuildPhase section */
		20B4372E27A82A2100F3A3B6 /* Frameworks */ = {
			isa = PBXFrameworksBuildPhase;
			buildActionMask = 2147483647;
			files = (
			);
			runOnlyForDeploymentPostprocessing = 0;
		};
		20B4374427A82A2200F3A3B6 /* Frameworks */ = {
			isa = PBXFrameworksBuildPhase;
			buildActionMask = 2147483647;
			files = (
			);
			runOnlyForDeploymentPostprocessing = 0;
		};
		20B4374E27A82A2200F3A3B6 /* Frameworks */ = {
			isa = PBXFrameworksBuildPhase;
			buildActionMask = 2147483647;
			files = (
			);
			runOnlyForDeploymentPostprocessing = 0;
		};
/* End PBXFrameworksBuildPhase section */

/* Begin PBXGroup section */
		20B4372827A82A2100F3A3B6 = {
			isa = PBXGroup;
			children = (
				20B4373327A82A2100F3A3B6 /* Theta Test */,
				20B4374A27A82A2200F3A3B6 /* Theta TestTests */,
				20B4375427A82A2200F3A3B6 /* Theta TestUITests */,
				20B4373227A82A2100F3A3B6 /* Products */,
			);
			sourceTree = "<group>";
		};
		20B4373227A82A2100F3A3B6 /* Products */ = {
			isa = PBXGroup;
			children = (
				20B4373127A82A2100F3A3B6 /* Theta Test.app */,
				20B4374727A82A2200F3A3B6 /* Theta TestTests.xctest */,
				20B4375127A82A2200F3A3B6 /* Theta TestUITests.xctest */,
			);
			name = Products;
			sourceTree = "<group>";
		};
		20B4373327A82A2100F3A3B6 /* Theta Test */ = {
			isa = PBXGroup;
			children = (
				20B4373427A82A2100F3A3B6 /* AppDelegate.swift */,
				20B4373627A82A2100F3A3B6 /* SceneDelegate.swift */,
				20B4376427A8364E00F3A3B6 /* SharedClass.swift */,
				20B4373827A82A2100F3A3B6 /* LoginVC.swift */,
				20B4376627A83B5B00F3A3B6 /* TabbarVC.swift */,
				20B4376827A83B9400F3A3B6 /* HomeVC.swift */,
				20B4376A27A83BA500F3A3B6 /* ProfileVC.swift */,
				20B4373A27A82A2100F3A3B6 /* Main.storyboard */,
				20B4373D27A82A2200F3A3B6 /* Assets.xcassets */,
				20B4373F27A82A2200F3A3B6 /* LaunchScreen.storyboard */,
				20B4374227A82A2200F3A3B6 /* Info.plist */,
			);
			path = "Theta Test";
			sourceTree = "<group>";
		};
		20B4374A27A82A2200F3A3B6 /* Theta TestTests */ = {
			isa = PBXGroup;
			children = (
				20B4374B27A82A2200F3A3B6 /* Theta_TestTests.swift */,
			);
			path = "Theta TestTests";
			sourceTree = "<group>";
		};
		20B4375427A82A2200F3A3B6 /* Theta TestUITests */ = {
			isa = PBXGroup;
			children = (
				20B4375527A82A2200F3A3B6 /* Theta_TestUITests.swift */,
				20B4375727A82A2200F3A3B6 /* Theta_TestUITestsLaunchTests.swift */,
			);
			path = "Theta TestUITests";
			sourceTree = "<group>";
		};
/* End PBXGroup section */

/* Begin PBXNativeTarget section */
		20B4373027A82A2100F3A3B6 /* Theta Test */ = {
			isa = PBXNativeTarget;
			buildConfigurationList = 20B4375B27A82A2200F3A3B6 /* Build configuration list for PBXNativeTarget "Theta Test" */;
			buildPhases = (
				20B4372D27A82A2100F3A3B6 /* Sources */,
				20B4372E27A82A2100F3A3B6 /* Frameworks */,
				20B4372F27A82A2100F3A3B6 /* Resources */,
			);
			buildRules = (
			);
			dependencies = (
			);
			name = "Theta Test";
			productName = "Theta Test";
			productReference = 20B4373127A82A2100F3A3B6 /* Theta Test.app */;
			productType = "com.apple.product-type.application";
		};
		20B4374627A82A2200F3A3B6 /* Theta TestTests */ = {
			isa = PBXNativeTarget;
			buildConfigurationList = 20B4375E27A82A2200F3A3B6 /* Build configuration list for PBXNativeTarget "Theta TestTests" */;
			buildPhases = (
				20B4374327A82A2200F3A3B6 /* Sources */,
				20B4374427A82A2200F3A3B6 /* Frameworks */,
				20B4374527A82A2200F3A3B6 /* Resources */,
			);
			buildRules = (
			);
			dependencies = (
				20B4374927A82A2200F3A3B6 /* PBXTargetDependency */,
			);
			name = "Theta TestTests";
			productName = "Theta TestTests";
			productReference = 20B4374727A82A2200F3A3B6 /* Theta TestTests.xctest */;
			productType = "com.apple.product-type.bundle.unit-test";
		};
		20B4375027A82A2200F3A3B6 /* Theta TestUITests */ = {
			isa = PBXNativeTarget;
			buildConfigurationList = 20B4376127A82A2200F3A3B6 /* Build configuration list for PBXNativeTarget "Theta TestUITests" */;
			buildPhases = (
				20B4374D27A82A2200F3A3B6 /* Sources */,
				20B4374E27A82A2200F3A3B6 /* Frameworks */,
				20B4374F27A82A2200F3A3B6 /* Resources */,
			);
			buildRules = (
			);
			dependencies = (
				20B4375327A82A2200F3A3B6 /* PBXTargetDependency */,
			);
			name = "Theta TestUITests";
			productName = "Theta TestUITests";
			productReference = 20B4375127A82A2200F3A3B6 /* Theta TestUITests.xctest */;
			productType = "com.apple.product-type.bundle.ui-testing";
		};
/* End PBXNativeTarget section */

/* Begin PBXProject section */
		20B4372927A82A2100F3A3B6 /* Project object */ = {
			isa = PBXProject;
			attributes = {
				BuildIndependentTargetsInParallel = 1;
				LastSwiftUpdateCheck = 1320;
				LastUpgradeCheck = 1320;
				TargetAttributes = {
					20B4373027A82A2100F3A3B6 = {
						CreatedOnToolsVersion = 13.2.1;
					};
					20B4374627A82A2200F3A3B6 = {
						CreatedOnToolsVersion = 13.2.1;
						TestTargetID = 20B4373027A82A2100F3A3B6;
					};
					20B4375027A82A2200F3A3B6 = {
						CreatedOnToolsVersion = 13.2.1;
						TestTargetID = 20B4373027A82A2100F3A3B6;
					};
				};
			};
			buildConfigurationList = 20B4372C27A82A2100F3A3B6 /* Build configuration list for PBXProject "Theta Test" */;
			compatibilityVersion = "Xcode 13.0";
			developmentRegion = en;
			hasScannedForEncodings = 0;
			knownRegions = (
				en,
				Base,
			);
			mainGroup = 20B4372827A82A2100F3A3B6;
			productRefGroup = 20B4373227A82A2100F3A3B6 /* Products */;
			projectDirPath = "";
			projectRoot = "";
			targets = (
				20B4373027A82A2100F3A3B6 /* Theta Test */,
				20B4374627A82A2200F3A3B6 /* Theta TestTests */,
				20B4375027A82A2200F3A3B6 /* Theta TestUITests */,
			);
		};
/* End PBXProject section */

/* Begin PBXResourcesBuildPhase section */
		20B4372F27A82A2100F3A3B6 /* Resources */ = {
			isa = PBXResourcesBuildPhase;
			buildActionMask = 2147483647;
			files = (
				20B4374127A82A2200F3A3B6 /* LaunchScreen.storyboard in Resources */,
				20B4373E27A82A2200F3A3B6 /* Assets.xcassets in Resources */,
				20B4373C27A82A2100F3A3B6 /* Main.storyboard in Resources */,
			);
			runOnlyForDeploymentPostprocessing = 0;
		};
		20B4374527A82A2200F3A3B6 /* Resources */ = {
			isa = PBXResourcesBuildPhase;
			buildActionMask = 2147483647;
			files = (
			);
			runOnlyForDeploymentPostprocessing = 0;
		};
		20B4374F27A82A2200F3A3B6 /* Resources */ = {
			isa = PBXResourcesBuildPhase;
			buildActionMask = 2147483647;
			files = (
			);
			runOnlyForDeploymentPostprocessing = 0;
		};
/* End PBXResourcesBuildPhase section */

/* Begin PBXSourcesBuildPhase section */
		20B4372D27A82A2100F3A3B6 /* Sources */ = {
			isa = PBXSourcesBuildPhase;
			buildActionMask = 2147483647;
			files = (
				20B4373927A82A2100F3A3B6 /* LoginVC.swift in Sources */,
				20B4376527A8364E00F3A3B6 /* SharedClass.swift in Sources */,
				20B4376B27A83BA500F3A3B6 /* ProfileVC.swift in Sources */,
				20B4373527A82A2100F3A3B6 /* AppDelegate.swift in Sources */,
				20B4376927A83B9400F3A3B6 /* HomeVC.swift in Sources */,
				20B4373727A82A2100F3A3B6 /* SceneDelegate.swift in Sources */,
				20B4376727A83B5B00F3A3B6 /* TabbarVC.swift in Sources */,
			);
			runOnlyForDeploymentPostprocessing = 0;
		};
		20B4374327A82A2200F3A3B6 /* Sources */ = {
			isa = PBXSourcesBuildPhase;
			buildActionMask = 2147483647;
			files = (
				20B4374C27A82A2200F3A3B6 /* Theta_TestTests.swift in Sources */,
			);
			runOnlyForDeploymentPostprocessing = 0;
		};
		20B4374D27A82A2200F3A3B6 /* Sources */ = {
			isa = PBXSourcesBuildPhase;
			buildActionMask = 2147483647;
			files = (
				20B4375627A82A2200F3A3B6 /* Theta_TestUITests.swift in Sources */,
				20B4375827A82A2200F3A3B6 /* Theta_TestUITestsLaunchTests.swift in Sources */,
			);
			runOnlyForDeploymentPostprocessing = 0;
		};
/* End PBXSourcesBuildPhase section */

/* Begin PBXTargetDependency section */
		20B4374927A82A2200F3A3B6 /* PBXTargetDependency */ = {
			isa = PBXTargetDependency;
			target = 20B4373027A82A2100F3A3B6 /* Theta Test */;
			targetProxy = 20B4374827A82A2200F3A3B6 /* PBXContainerItemProxy */;
		};
		20B4375327A82A2200F3A3B6 /* PBXTargetDependency */ = {
			isa = PBXTargetDependency;
			target = 20B4373027A82A2100F3A3B6 /* Theta Test */;
			targetProxy = 20B4375227A82A2200F3A3B6 /* PBXContainerItemProxy */;
		};
/* End PBXTargetDependency section */

/* Begin PBXVariantGroup section */
		20B4373A27A82A2100F3A3B6 /* Main.storyboard */ = {
			isa = PBXVariantGroup;
			children = (
				20B4373B27A82A2100F3A3B6 /* Base */,
			);
			name = Main.storyboard;
			sourceTree = "<group>";
		};
		20B4373F27A82A2200F3A3B6 /* LaunchScreen.storyboard */ = {
			isa = PBXVariantGroup;
			children = (
				20B4374027A82A2200F3A3B6 /* Base */,
			);
			name = LaunchScreen.storyboard;
			sourceTree = "<group>";
		};
/* End PBXVariantGroup section */

/* Begin XCBuildConfiguration section */
		20B4375927A82A2200F3A3B6 /* Debug */ = {
			isa = XCBuildConfiguration;
			buildSettings = {
				ALWAYS_SEARCH_USER_PATHS = NO;
				CLANG_ANALYZER_NONNULL = YES;
				CLANG_ANALYZER_NUMBER_OBJECT_CONVERSION = YES_AGGRESSIVE;
				CLANG_CXX_LANGUAGE_STANDARD = "gnu++17";
				CLANG_CXX_LIBRARY = "libc++";
				CLANG_ENABLE_MODULES = YES;
				CLANG_ENABLE_OBJC_ARC = YES;
				CLANG_ENABLE_OBJC_WEAK = YES;
				CLANG_WARN_BLOCK_CAPTURE_AUTORELEASING = YES;
				CLANG_WARN_BOOL_CONVERSION = YES;
				CLANG_WARN_COMMA = YES;
				CLANG_WARN_CONSTANT_CONVERSION = YES;
				CLANG_WARN_DEPRECATED_OBJC_IMPLEMENTATIONS = YES;
				CLANG_WARN_DIRECT_OBJC_ISA_USAGE = YES_ERROR;
				CLANG_WARN_DOCUMENTATION_COMMENTS = YES;
				CLANG_WARN_EMPTY_BODY = YES;
				CLANG_WARN_ENUM_CONVERSION = YES;
				CLANG_WARN_INFINITE_RECURSION = YES;
				CLANG_WARN_INT_CONVERSION = YES;
				CLANG_WARN_NON_LITERAL_NULL_CONVERSION = YES;
				CLANG_WARN_OBJC_IMPLICIT_RETAIN_SELF = YES;
				CLANG_WARN_OBJC_LITERAL_CONVERSION = YES;
				CLANG_WARN_OBJC_ROOT_CLASS = YES_ERROR;
				CLANG_WARN_QUOTED_INCLUDE_IN_FRAMEWORK_HEADER = YES;
				CLANG_WARN_RANGE_LOOP_ANALYSIS = YES;
				CLANG_WARN_STRICT_PROTOTYPES = YES;
				CLANG_WARN_SUSPICIOUS_MOVE = YES;
				CLANG_WARN_UNGUARDED_AVAILABILITY = YES_AGGRESSIVE;
				CLANG_WARN_UNREACHABLE_CODE = YES;
				CLANG_WARN__DUPLICATE_METHOD_MATCH = YES;
				COPY_PHASE_STRIP = NO;
				DEBUG_INFORMATION_FORMAT = dwarf;
				ENABLE_STRICT_OBJC_MSGSEND = YES;
				ENABLE_TESTABILITY = YES;
				GCC_C_LANGUAGE_STANDARD = gnu11;
				GCC_DYNAMIC_NO_PIC = NO;
				GCC_NO_COMMON_BLOCKS = YES;
				GCC_OPTIMIZATION_LEVEL = 0;
				GCC_PREPROCESSOR_DEFINITIONS = (
					"DEBUG=1",
					"$(inherited)",
				);
				GCC_WARN_64_TO_32_BIT_CONVERSION = YES;
				GCC_WARN_ABOUT_RETURN_TYPE = YES_ERROR;
				GCC_WARN_UNDECLARED_SELECTOR = YES;
				GCC_WARN_UNINITIALIZED_AUTOS = YES_AGGRESSIVE;
				GCC_WARN_UNUSED_FUNCTION = YES;
				GCC_WARN_UNUSED_VARIABLE = YES;
				IPHONEOS_DEPLOYMENT_TARGET = 15.2;
				MTL_ENABLE_DEBUG_INFO = INCLUDE_SOURCE;
				MTL_FAST_MATH = YES;
				ONLY_ACTIVE_ARCH = YES;
				SDKROOT = iphoneos;
				SWIFT_ACTIVE_COMPILATION_CONDITIONS = DEBUG;
				SWIFT_OPTIMIZATION_LEVEL = "-Onone";
			};
			name = Debug;
		};
		20B4375A27A82A2200F3A3B6 /* Release */ = {
			isa = XCBuildConfiguration;
			buildSettings = {
				ALWAYS_SEARCH_USER_PATHS = NO;
				CLANG_ANALYZER_NONNULL = YES;
				CLANG_ANALYZER_NUMBER_OBJECT_CONVERSION = YES_AGGRESSIVE;
				CLANG_CXX_LANGUAGE_STANDARD = "gnu++17";
				CLANG_CXX_LIBRARY = "libc++";
				CLANG_ENABLE_MODULES = YES;
				CLANG_ENABLE_OBJC_ARC = YES;
				CLANG_ENABLE_OBJC_WEAK = YES;
				CLANG_WARN_BLOCK_CAPTURE_AUTORELEASING = YES;
				CLANG_WARN_BOOL_CONVERSION = YES;
				CLANG_WARN_COMMA = YES;
				CLANG_WARN_CONSTANT_CONVERSION = YES;
				CLANG_WARN_DEPRECATED_OBJC_IMPLEMENTATIONS = YES;
				CLANG_WARN_DIRECT_OBJC_ISA_USAGE = YES_ERROR;
				CLANG_WARN_DOCUMENTATION_COMMENTS = YES;
				CLANG_WARN_EMPTY_BODY = YES;
				CLANG_WARN_ENUM_CONVERSION = YES;
				CLANG_WARN_INFINITE_RECURSION = YES;
				CLANG_WARN_INT_CONVERSION = YES;
				CLANG_WARN_NON_LITERAL_NULL_CONVERSION = YES;
				CLANG_WARN_OBJC_IMPLICIT_RETAIN_SELF = YES;
				CLANG_WARN_OBJC_LITERAL_CONVERSION = YES;
				CLANG_WARN_OBJC_ROOT_CLASS = YES_ERROR;
				CLANG_WARN_QUOTED_INCLUDE_IN_FRAMEWORK_HEADER = YES;
				CLANG_WARN_RANGE_LOOP_ANALYSIS = YES;
				CLANG_WARN_STRICT_PROTOTYPES = YES;
				CLANG_WARN_SUSPICIOUS_MOVE = YES;
				CLANG_WARN_UNGUARDED_AVAILABILITY = YES_AGGRESSIVE;
				CLANG_WARN_UNREACHABLE_CODE = YES;
				CLANG_WARN__DUPLICATE_METHOD_MATCH = YES;
				COPY_PHASE_STRIP = NO;
				DEBUG_INFORMATION_FORMAT = "dwarf-with-dsym";
				ENABLE_NS_ASSERTIONS = NO;
				ENABLE_STRICT_OBJC_MSGSEND = YES;
				GCC_C_LANGUAGE_STANDARD = gnu11;
				GCC_NO_COMMON_BLOCKS = YES;
				GCC_WARN_64_TO_32_BIT_CONVERSION = YES;
				GCC_WARN_ABOUT_RETURN_TYPE = YES_ERROR;
				GCC_WARN_UNDECLARED_SELECTOR = YES;
				GCC_WARN_UNINITIALIZED_AUTOS = YES_AGGRESSIVE;
				GCC_WARN_UNUSED_FUNCTION = YES;
				GCC_WARN_UNUSED_VARIABLE = YES;
				IPHONEOS_DEPLOYMENT_TARGET = 15.2;
				MTL_ENABLE_DEBUG_INFO = NO;
				MTL_FAST_MATH = YES;
				SDKROOT = iphoneos;
				SWIFT_COMPILATION_MODE = wholemodule;
				SWIFT_OPTIMIZATION_LEVEL = "-O";
				VALIDATE_PRODUCT = YES;
			};
			name = Release;
		};
		20B4375C27A82A2200F3A3B6 /* Debug */ = {
			isa = XCBuildConfiguration;
			buildSettings = {
				ASSETCATALOG_COMPILER_APPICON_NAME = AppIcon;
				ASSETCATALOG_COMPILER_GLOBAL_ACCENT_COLOR_NAME = AccentColor;
				CODE_SIGN_STYLE = Automatic;
				CURRENT_PROJECT_VERSION = 1;
				DEVELOPMENT_TEAM = VJN724W562;
				GENERATE_INFOPLIST_FILE = YES;
				INFOPLIST_FILE = "Theta Test/Info.plist";
				INFOPLIST_KEY_UIApplicationSupportsIndirectInputEvents = YES;
				INFOPLIST_KEY_UILaunchStoryboardName = LaunchScreen;
				INFOPLIST_KEY_UIMainStoryboardFile = Main;
				INFOPLIST_KEY_UISupportedInterfaceOrientations_iPad = "UIInterfaceOrientationPortrait UIInterfaceOrientationPortraitUpsideDown UIInterfaceOrientationLandscapeLeft UIInterfaceOrientationLandscapeRight";
				INFOPLIST_KEY_UISupportedInterfaceOrientations_iPhone = "UIInterfaceOrientationPortrait UIInterfaceOrientationLandscapeLeft UIInterfaceOrientationLandscapeRight";
				LD_RUNPATH_SEARCH_PATHS = (
					"$(inherited)",
					"@executable_path/Frameworks",
				);
				MARKETING_VERSION = 1.0;
				PRODUCT_BUNDLE_IDENTIFIER = "com.souravswain.Theta-Test";
				PRODUCT_NAME = "$(TARGET_NAME)";
				SWIFT_EMIT_LOC_STRINGS = YES;
				SWIFT_VERSION = 5.0;
				TARGETED_DEVICE_FAMILY = "1,2";
			};
			name = Debug;
		};
		20B4375D27A82A2200F3A3B6 /* Release */ = {
			isa = XCBuildConfiguration;
			buildSettings = {
				ASSETCATALOG_COMPILER_APPICON_NAME = AppIcon;
				ASSETCATALOG_COMPILER_GLOBAL_ACCENT_COLOR_NAME = AccentColor;
				CODE_SIGN_STYLE = Automatic;
				CURRENT_PROJECT_VERSION = 1;
				DEVELOPMENT_TEAM = VJN724W562;
				GENERATE_INFOPLIST_FILE = YES;
				INFOPLIST_FILE = "Theta Test/Info.plist";
				INFOPLIST_KEY_UIApplicationSupportsIndirectInputEvents = YES;
				INFOPLIST_KEY_UILaunchStoryboardName = LaunchScreen;
				INFOPLIST_KEY_UIMainStoryboardFile = Main;
				INFOPLIST_KEY_UISupportedInterfaceOrientations_iPad = "UIInterfaceOrientationPortrait UIInterfaceOrientationPortraitUpsideDown UIInterfaceOrientationLandscapeLeft UIInterfaceOrientationLandscapeRight";
				INFOPLIST_KEY_UISupportedInterfaceOrientations_iPhone = "UIInterfaceOrientationPortrait UIInterfaceOrientationLandscapeLeft UIInterfaceOrientationLandscapeRight";
				LD_RUNPATH_SEARCH_PATHS = (
					"$(inherited)",
					"@executable_path/Frameworks",
				);
				MARKETING_VERSION = 1.0;
				PRODUCT_BUNDLE_IDENTIFIER = "com.souravswain.Theta-Test";
				PRODUCT_NAME = "$(TARGET_NAME)";
				SWIFT_EMIT_LOC_STRINGS = YES;
				SWIFT_VERSION = 5.0;
				TARGETED_DEVICE_FAMILY = "1,2";
			};
			name = Release;
		};
		20B4375F27A82A2200F3A3B6 /* Debug */ = {
			isa = XCBuildConfiguration;
			buildSettings = {
				ALWAYS_EMBED_SWIFT_STANDARD_LIBRARIES = YES;
				BUNDLE_LOADER = "$(TEST_HOST)";
				CODE_SIGN_STYLE = Automatic;
				CURRENT_PROJECT_VERSION = 1;
				DEVELOPMENT_TEAM = VJN724W562;
				GENERATE_INFOPLIST_FILE = YES;
				IPHONEOS_DEPLOYMENT_TARGET = 15.2;
				MARKETING_VERSION = 1.0;
				PRODUCT_BUNDLE_IDENTIFIER = "com.souravswain.Theta-TestTests";
				PRODUCT_NAME = "$(TARGET_NAME)";
				SWIFT_EMIT_LOC_STRINGS = NO;
				SWIFT_VERSION = 5.0;
				TARGETED_DEVICE_FAMILY = "1,2";
				TEST_HOST = "$(BUILT_PRODUCTS_DIR)/Theta Test.app/Theta Test";
			};
			name = Debug;
		};
		20B4376027A82A2200F3A3B6 /* Release */ = {
			isa = XCBuildConfiguration;
			buildSettings = {
				ALWAYS_EMBED_SWIFT_STANDARD_LIBRARIES = YES;
				BUNDLE_LOADER = "$(TEST_HOST)";
				CODE_SIGN_STYLE = Automatic;
				CURRENT_PROJECT_VERSION = 1;
				DEVELOPMENT_TEAM = VJN724W562;
				GENERATE_INFOPLIST_FILE = YES;
				IPHONEOS_DEPLOYMENT_TARGET = 15.2;
				MARKETING_VERSION = 1.0;
				PRODUCT_BUNDLE_IDENTIFIER = "com.souravswain.Theta-TestTests";
				PRODUCT_NAME = "$(TARGET_NAME)";
				SWIFT_EMIT_LOC_STRINGS = NO;
				SWIFT_VERSION = 5.0;
				TARGETED_DEVICE_FAMILY = "1,2";
				TEST_HOST = "$(BUILT_PRODUCTS_DIR)/Theta Test.app/Theta Test";
			};
			name = Release;
		};
		20B4376227A82A2200F3A3B6 /* Debug */ = {
			isa = XCBuildConfiguration;
			buildSettings = {
				ALWAYS_EMBED_SWIFT_STANDARD_LIBRARIES = YES;
				CODE_SIGN_STYLE = Automatic;
				CURRENT_PROJECT_VERSION = 1;
				DEVELOPMENT_TEAM = VJN724W562;
				GENERATE_INFOPLIST_FILE = YES;
				MARKETING_VERSION = 1.0;
				PRODUCT_BUNDLE_IDENTIFIER = "com.souravswain.Theta-TestUITests";
				PRODUCT_NAME = "$(TARGET_NAME)";
				SWIFT_EMIT_LOC_STRINGS = NO;
				SWIFT_VERSION = 5.0;
				TARGETED_DEVICE_FAMILY = "1,2";
				TEST_TARGET_NAME = "Theta Test";
			};
			name = Debug;
		};
		20B4376327A82A2200F3A3B6 /* Release */ = {
			isa = XCBuildConfiguration;
			buildSettings = {
				ALWAYS_EMBED_SWIFT_STANDARD_LIBRARIES = YES;
				CODE_SIGN_STYLE = Automatic;
				CURRENT_PROJECT_VERSION = 1;
				DEVELOPMENT_TEAM = VJN724W562;
				GENERATE_INFOPLIST_FILE = YES;
				MARKETING_VERSION = 1.0;
				PRODUCT_BUNDLE_IDENTIFIER = "com.souravswain.Theta-TestUITests";
				PRODUCT_NAME = "$(TARGET_NAME)";
				SWIFT_EMIT_LOC_STRINGS = NO;
				SWIFT_VERSION = 5.0;
				TARGETED_DEVICE_FAMILY = "1,2";
				TEST_TARGET_NAME = "Theta Test";
			};
			name = Release;
		};
/* End XCBuildConfiguration section */

/* Begin XCConfigurationList section */
		20B4372C27A82A2100F3A3B6 /* Build configuration list for PBXProject "Theta Test" */ = {
			isa = XCConfigurationList;
			buildConfigurations = (
				20B4375927A82A2200F3A3B6 /* Debug */,
				20B4375A27A82A2200F3A3B6 /* Release */,
			);
			defaultConfigurationIsVisible = 0;
			defaultConfigurationName = Release;
		};
		20B4375B27A82A2200F3A3B6 /* Build configuration list for PBXNativeTarget "Theta Test" */ = {
			isa = XCConfigurationList;
			buildConfigurations = (
				20B4375C27A82A2200F3A3B6 /* Debug */,
				20B4375D27A82A2200F3A3B6 /* Release */,
			);
			defaultConfigurationIsVisible = 0;
			defaultConfigurationName = Release;
		};
		20B4375E27A82A2200F3A3B6 /* Build configuration list for PBXNativeTarget "Theta TestTests" */ = {
			isa = XCConfigurationList;
			buildConfigurations = (
				20B4375F27A82A2200F3A3B6 /* Debug */,
				20B4376027A82A2200F3A3B6 /* Release */,
			);
			defaultConfigurationIsVisible = 0;
			defaultConfigurationName = Release;
		};
		20B4376127A82A2200F3A3B6 /* Build configuration list for PBXNativeTarget "Theta TestUITests" */ = {
			isa = XCConfigurationList;
			buildConfigurations = (
				20B4376227A82A2200F3A3B6 /* Debug */,
				20B4376327A82A2200F3A3B6 /* Release */,
			);
			defaultConfigurationIsVisible = 0;
			defaultConfigurationName = Release;
		};
/* End XCConfigurationList section */
	};
	rootObject = 20B4372927A82A2100F3A3B6 /* Project object */;
}
